lockVersion: 2.0.0
id: 51f8279d-37a9-476f-bc21-1c484ab0fc2e
management:
  docChecksum: 7c524b4be7afdadc4b2f448072865ac4
  docVersion: 1.0.0
  speakeasyVersion: 1.253.1
  generationVersion: 2.306.0
  releaseVersion: 0.0.1
  configChecksum: ff604beee33830e30d93526169b90c26
features:
  go:
    constsAndDefaults: 0.1.4
    core: 3.4.6
    flattening: 2.81.1
    globalSecurity: 2.82.9
    globalServerURLs: 2.82.2
    responseFormat: 0.1.0
generatedFiles:
  - pet.go
  - store.go
  - user.go
  - examplespec.go
  - go.mod
  - models/sdkerrors/sdkerror.go
  - types/bigint.go
  - types/date.go
  - types/datetime.go
  - types/decimal.go
  - types/pointers.go
  - internal/utils/contenttype.go
  - internal/utils/form.go
  - internal/utils/headers.go
  - internal/utils/json.go
  - internal/utils/pathparams.go
  - internal/utils/queryparams.go
  - internal/utils/requestbody.go
  - internal/utils/retries.go
  - internal/utils/security.go
  - internal/utils/utils.go
  - /models/operations/updatepet.go
  - /models/operations/addpet.go
  - /models/operations/findpetsbystatus.go
  - /models/operations/findpetsbytags.go
  - /models/operations/getpetbyid.go
  - /models/operations/deletepet.go
  - /models/operations/uploadfile.go
  - /models/operations/getinventory.go
  - /models/operations/placeorder.go
  - /models/operations/getorderbyid.go
  - /models/operations/deleteorder.go
  - /models/operations/createuser.go
  - /models/operations/createuserswithlistinput.go
  - /models/operations/loginuser.go
  - /models/operations/logoutuser.go
  - /models/operations/getuserbyname.go
  - /models/operations/updateuser.go
  - /models/operations/deleteuser.go
  - /models/components/pet.go
  - /models/components/tag.go
  - /models/components/category.go
  - /models/components/httpmetadata.go
  - /models/components/apiresponse.go
  - /models/components/order.go
  - /models/components/user.go
  - /models/components/security.go
  - /models/sdkerrors/apierrorinvalidinput.go
  - /models/sdkerrors/apierrorunauthorized.go
  - /models/sdkerrors/apierrornotfound.go
  - docs/models/operations/updatepetresponse.md
  - docs/models/operations/addpetresponse.md
  - docs/models/operations/status.md
  - docs/models/operations/findpetsbystatusrequest.md
  - docs/models/operations/findpetsbystatusresponse.md
  - docs/models/operations/findpetsbytagsrequest.md
  - docs/models/operations/findpetsbytagsresponse.md
  - docs/models/operations/getpetbyidrequest.md
  - docs/models/operations/getpetbyidresponse.md
  - docs/models/operations/deletepetrequest.md
  - docs/models/operations/deletepetresponse.md
  - docs/models/operations/uploadfilerequest.md
  - docs/models/operations/uploadfileresponse.md
  - docs/models/operations/getinventoryresponse.md
  - docs/models/operations/placeorderresponse.md
  - docs/models/operations/getorderbyidrequest.md
  - docs/models/operations/getorderbyidresponse.md
  - docs/models/operations/deleteorderrequest.md
  - docs/models/operations/deleteorderresponse.md
  - docs/models/operations/createuserresponse.md
  - docs/models/operations/createuserswithlistinputresponse.md
  - docs/models/operations/loginuserrequest.md
  - docs/models/operations/loginuserresponse.md
  - docs/models/operations/logoutuserresponse.md
  - docs/models/operations/getuserbynamerequest.md
  - docs/models/operations/getuserbynameresponse.md
  - docs/models/operations/updateuserrequest.md
  - docs/models/operations/updateuserresponse.md
  - docs/models/operations/deleteuserrequest.md
  - docs/models/operations/deleteuserresponse.md
  - docs/models/components/status.md
  - docs/models/components/pet.md
  - docs/models/components/tag.md
  - docs/models/components/category.md
  - docs/models/components/httpmetadata.md
  - docs/models/components/apiresponse.md
  - docs/models/components/orderstatus.md
  - docs/models/components/order.md
  - docs/models/components/user.md
  - docs/models/components/security.md
  - docs/models/sdkerrors/apierrorinvalidinput.md
  - docs/models/sdkerrors/apierrorunauthorized.md
  - docs/models/sdkerrors/apierrornotfound.md
  - docs/sdks/examplespec/README.md
  - docs/sdks/pet/README.md
  - docs/sdks/store/README.md
  - docs/sdks/user/README.md
  - USAGE.md
  - .gitattributes
  - internal/hooks/hooks.go
